
Microsoft Visual Studio Solution File, Format Version 12.00
# Visual Studio Version 17
VisualStudioVersion = 17.14.36915.13 d17.14
MinimumVisualStudioVersion = 10.0.40219.1
Project("{FAE04EC0-301F-11D3-BF4B-00C04F79EFBC}") = "RepositorionTestailua", "RepositorionTestailua\RepositorionTestailua.csproj", "{B8FA2496-C09E-44BF-A8F5-F5E694C76C0C}"
EndProject
Global
	GlobalSection(SolutionConfigurationPlatforms) = preSolution
		Debug|Any CPU = Debug|Any CPU
		Release|Any CPU = Release|Any CPU
	EndGlobalSection
	GlobalSection(ProjectConfigurationPlatforms) = postSolution
		{B8FA2496-C09E-44BF-A8F5-F5E694C76C0C}.Debug|Any CPU.ActiveCfg = Debug|Any CPU
		{B8FA2496-C09E-44BF-A8F5-F5E694C76C0C}.Debug|Any CPU.Build.0 = Debug|Any CPU
		{B8FA2496-C09E-44BF-A8F5-F5E694C76C0C}.Release|Any CPU.ActiveCfg = Release|Any CPU
		{B8FA2496-C09E-44BF-A8F5-F5E694C76C0C}.Release|Any CPU.Build.0 = Release|Any CPU
	EndGlobalSection
	GlobalSection(SolutionProperties) = preSolution
		HideSolutionNode = FALSE
	EndGlobalSection
	GlobalSection(ExtensibilityGlobals) = postSolution
		SolutionGuid = {D6FA54C2-4BBB-4557-9DDF-13A139BF7FAF}
	EndGlobalSection
EndGlobal
